
Microsoft Visual Studio Solution File, Format Version 12.00
# Visual Studio Version 17
VisualStudioVersion = 17.6.33717.318
MinimumVisualStudioVersion = 10.0.40219.1
Project("{9A19103F-16F7-4668-BE54-9A1E7A4F7556}") = "API", "API\API.csproj", "{6362F4A1-3CF9-4030-8904-DB66C5E647AE}"
EndProject
Project("{9A19103F-16F7-4668-BE54-9A1E7A4F7556}") = "Core", "Core\Core.csproj", "{BCD5227B-3F2B-463C-9422-B71E26EBC4CF}"
EndProject
Global
	GlobalSection(SolutionConfigurationPlatforms) = preSolution
		Debug|Any CPU = Debug|Any CPU
		Release|Any CPU = Release|Any CPU
	EndGlobalSection
	GlobalSection(ProjectConfigurationPlatforms) = postSolution
		{6362F4A1-3CF9-4030-8904-DB66C5E647AE}.Debug|Any CPU.ActiveCfg = Debug|Any CPU
		{6362F4A1-3CF9-4030-8904-DB66C5E647AE}.Debug|Any CPU.Build.0 = Debug|Any CPU
		{6362F4A1-3CF9-4030-8904-DB66C5E647AE}.Release|Any CPU.ActiveCfg = Release|Any CPU
		{6362F4A1-3CF9-4030-8904-DB66C5E647AE}.Release|Any CPU.Build.0 = Release|Any CPU
		{BCD5227B-3F2B-463C-9422-B71E26EBC4CF}.Debug|Any CPU.ActiveCfg = Debug|Any CPU
		{BCD5227B-3F2B-463C-9422-B71E26EBC4CF}.Debug|Any CPU.Build.0 = Debug|Any CPU
		{BCD5227B-3F2B-463C-9422-B71E26EBC4CF}.Release|Any CPU.ActiveCfg = Release|Any CPU
		{BCD5227B-3F2B-463C-9422-B71E26EBC4CF}.Release|Any CPU.Build.0 = Release|Any CPU
	EndGlobalSection
	GlobalSection(SolutionProperties) = preSolution
		HideSolutionNode = FALSE
	EndGlobalSection
	GlobalSection(ExtensibilityGlobals) = postSolution
		SolutionGuid = {807B797B-B555-4501-93D4-8EEE76411E0D}
	EndGlobalSection
EndGlobal
